
Microsoft Visual Studio Solution File, Format Version 12.00
# Visual Studio Version 17
VisualStudioVersion = 17.10.35013.160
MinimumVisualStudioVersion = 10.0.40219.1
Project("{8BC9CEB8-8B4A-11D0-8D11-00A0C91BC942}") = "Atom", "Atom\Atom.vcxproj", "{56B0827C-42E7-830D-EBD3-6910D7E9FF0E}"
	ProjectSection(ProjectDependencies) = postProject
		{E087650D-4C9C-8DBE-151E-311E81F189EF} = {E087650D-4C9C-8DBE-151E-311E81F189EF}
	EndProjectSection
EndProject
Project("{8BC9CEB8-8B4A-11D0-8D11-00A0C91BC942}") = "Imgui", "Atom\Vendor\imgui\Imgui.vcxproj", "{E087650D-4C9C-8DBE-151E-311E81F189EF}"
EndProject
Project("{2150E333-8FDC-42A3-9474-1A3956D46DE8}") = "Samples", "Samples", "{829DF88F-FADD-40F3-8FCB-80C6C0288942}"
EndProject
Project("{8BC9CEB8-8B4A-11D0-8D11-00A0C91BC942}") = "PBR", "Samples\PBR\PBR.vcxproj", "{A237F85B-7C6B-4030-9E3E-C8181474CDE0}"
	ProjectSection(ProjectDependencies) = postProject
		{56B0827C-42E7-830D-EBD3-6910D7E9FF0E} = {56B0827C-42E7-830D-EBD3-6910D7E9FF0E}
	EndProjectSection
EndProject
Global
	GlobalSection(SolutionConfigurationPlatforms) = preSolution
		Debug|x64 = Debug|x64
		MinSizeRel|x64 = MinSizeRel|x64
		Release|x64 = Release|x64
		RelWithDebInfo|x64 = RelWithDebInfo|x64
	EndGlobalSection
	GlobalSection(ProjectConfigurationPlatforms) = postSolution
		{56B0827C-42E7-830D-EBD3-6910D7E9FF0E}.Debug|x64.ActiveCfg = Debug|x64
		{56B0827C-42E7-830D-EBD3-6910D7E9FF0E}.Debug|x64.Build.0 = Debug|x64
		{56B0827C-42E7-830D-EBD3-6910D7E9FF0E}.MinSizeRel|x64.ActiveCfg = Release|x64
		{56B0827C-42E7-830D-EBD3-6910D7E9FF0E}.MinSizeRel|x64.Build.0 = Release|x64
		{56B0827C-42E7-830D-EBD3-6910D7E9FF0E}.Release|x64.ActiveCfg = Release|x64
		{56B0827C-42E7-830D-EBD3-6910D7E9FF0E}.Release|x64.Build.0 = Release|x64
		{56B0827C-42E7-830D-EBD3-6910D7E9FF0E}.RelWithDebInfo|x64.ActiveCfg = Release|x64
		{56B0827C-42E7-830D-EBD3-6910D7E9FF0E}.RelWithDebInfo|x64.Build.0 = Release|x64
		{E087650D-4C9C-8DBE-151E-311E81F189EF}.Debug|x64.ActiveCfg = Debug|x64
		{E087650D-4C9C-8DBE-151E-311E81F189EF}.Debug|x64.Build.0 = Debug|x64
		{E087650D-4C9C-8DBE-151E-311E81F189EF}.MinSizeRel|x64.ActiveCfg = Release|x64
		{E087650D-4C9C-8DBE-151E-311E81F189EF}.MinSizeRel|x64.Build.0 = Release|x64
		{E087650D-4C9C-8DBE-151E-311E81F189EF}.Release|x64.ActiveCfg = Release|x64
		{E087650D-4C9C-8DBE-151E-311E81F189EF}.Release|x64.Build.0 = Release|x64
		{E087650D-4C9C-8DBE-151E-311E81F189EF}.RelWithDebInfo|x64.ActiveCfg = Release|x64
		{E087650D-4C9C-8DBE-151E-311E81F189EF}.RelWithDebInfo|x64.Build.0 = Release|x64
		{A237F85B-7C6B-4030-9E3E-C8181474CDE0}.Debug|x64.ActiveCfg = Debug|x64
		{A237F85B-7C6B-4030-9E3E-C8181474CDE0}.Debug|x64.Build.0 = Debug|x64
		{A237F85B-7C6B-4030-9E3E-C8181474CDE0}.MinSizeRel|x64.ActiveCfg = Release|x64
		{A237F85B-7C6B-4030-9E3E-C8181474CDE0}.MinSizeRel|x64.Build.0 = Release|x64
		{A237F85B-7C6B-4030-9E3E-C8181474CDE0}.Release|x64.ActiveCfg = Release|x64
		{A237F85B-7C6B-4030-9E3E-C8181474CDE0}.Release|x64.Build.0 = Release|x64
		{A237F85B-7C6B-4030-9E3E-C8181474CDE0}.RelWithDebInfo|x64.ActiveCfg = Release|x64
		{A237F85B-7C6B-4030-9E3E-C8181474CDE0}.RelWithDebInfo|x64.Build.0 = Release|x64
	EndGlobalSection
	GlobalSection(SolutionProperties) = preSolution
		HideSolutionNode = FALSE
	EndGlobalSection
	GlobalSection(NestedProjects) = preSolution
		{A237F85B-7C6B-4030-9E3E-C8181474CDE0} = {829DF88F-FADD-40F3-8FCB-80C6C0288942}
	EndGlobalSection
	GlobalSection(ExtensibilityGlobals) = postSolution
		SolutionGuid = {74B38556-BCD7-4957-A99C-30EC3CEE4BD4}
	EndGlobalSection
EndGlobal
