<?xml version="1.0" encoding="utf-8"?>
<Project ToolsVersion="4.0" xmlns="http://schemas.microsoft.com/developer/msbuild/2003">
  <ItemGroup>
    <Filter Include="Assets">
      <UniqueIdentifier>{3824E0A7-24C6-0A7E-0D81-1ED2F9C191CE}</UniqueIdentifier>
    </Filter>
    <Filter Include="Assets\Shaders">
      <UniqueIdentifier>{1101E1D1-FDCE-D4D7-E662-45FED2CFB03C}</UniqueIdentifier>
    </Filter>
    <Filter Include="Vendor">
      <UniqueIdentifier>{935FDCD7-7F01-07AE-68BC-1A0254FD8DFE}</UniqueIdentifier>
    </Filter>
    <Filter Include="Vendor\stb_image">
      <UniqueIdentifier>{EDE315D3-D9DC-3425-020F-1AAAEE661431}</UniqueIdentifier>
    </Filter>
    <Filter Include="Vendor\stb_image\stb_image">
      <UniqueIdentifier>{C7209C99-B330-486A-1CEA-AC8808193703}</UniqueIdentifier>
    </Filter>
    <Filter Include="src">
      <UniqueIdentifier>{2DAB880B-99B4-887C-2230-9F7C8E38947C}</UniqueIdentifier>
    </Filter>
    <Filter Include="include">
      <UniqueIdentifier>{116228e3-5234-4809-b870-791070093e82}</UniqueIdentifier>
    </Filter>
    <Filter Include="Vendor\TinyObjLoader">
      <UniqueIdentifier>{44fee6a4-88c7-40ec-854f-d2995df78022}</UniqueIdentifier>
    </Filter>
    <Filter Include="Assets\Shaders\ShadingModel">
      <UniqueIdentifier>{df1c5dd0-cbc1-4bdd-a7ae-dc589bb7e67e}</UniqueIdentifier>
    </Filter>
  </ItemGroup>
  <ItemGroup>
    <ClInclude Include="Vendor\stb_image\stb_image\stb_image.h">
      <Filter>Vendor\stb_image\stb_image</Filter>
    </ClInclude>
    <ClInclude Include="include\GameCore.h">
      <Filter>include</Filter>
    </ClInclude>
    <ClInclude Include="include\Camera.h">
      <Filter>include</Filter>
    </ClInclude>
    <ClInclude Include="include\ConstantBuffers.h">
      <Filter>include</Filter>
    </ClInclude>
    <ClInclude Include="include\d3dUtil.h">
      <Filter>include</Filter>
    </ClInclude>
    <ClInclude Include="include\d3dx12.h">
      <Filter>include</Filter>
    </ClInclude>
    <ClInclude Include="include\DDSTextureLoader.h">
      <Filter>include</Filter>
    </ClInclude>
    <ClInclude Include="include\demo.h">
      <Filter>include</Filter>
    </ClInclude>
    <ClInclude Include="include\GameTimer.h">
      <Filter>include</Filter>
    </ClInclude>
    <ClInclude Include="include\GeometryGenerator.h">
      <Filter>include</Filter>
    </ClInclude>
    <ClInclude Include="include\GraphicsCore.h">
      <Filter>include</Filter>
    </ClInclude>
    <ClInclude Include="include\Material.h">
      <Filter>include</Filter>
    </ClInclude>
    <ClInclude Include="include\MathHelper.h">
      <Filter>include</Filter>
    </ClInclude>
    <ClInclude Include="include\Mesh.h">
      <Filter>include</Filter>
    </ClInclude>
    <ClInclude Include="include\Model.h">
      <Filter>include</Filter>
    </ClInclude>
    <ClInclude Include="include\pch.h">
      <Filter>include</Filter>
    </ClInclude>
    <ClInclude Include="include\Scene.h">
      <Filter>include</Filter>
    </ClInclude>
    <ClInclude Include="include\SkyBox.h">
      <Filter>include</Filter>
    </ClInclude>
    <ClInclude Include="include\Ssao.h">
      <Filter>include</Filter>
    </ClInclude>
    <ClInclude Include="include\Texture.h">
      <Filter>include</Filter>
    </ClInclude>
    <ClInclude Include="include\UploadBuffer.h">
      <Filter>include</Filter>
    </ClInclude>
    <ClInclude Include="Vendor\tinyobjloader\tiny_obj_loader.h">
      <Filter>Vendor\TinyObjLoader</Filter>
    </ClInclude>
    <ClInclude Include="include\CommandAllocatorPool.h">
      <Filter>include</Filter>
    </ClInclude>
    <ClInclude Include="include\Log.h">
      <Filter>include</Filter>
    </ClInclude>
    <ClInclude Include="include\CommandListManager.h">
      <Filter>include</Filter>
    </ClInclude>
    <ClInclude Include="include\Display.h">
      <Filter>include</Filter>
    </ClInclude>
    <ClInclude Include="include\BufferManager.h">
      <Filter>include</Filter>
    </ClInclude>
    <ClInclude Include="include\RootSignature.h">
      <Filter>include</Filter>
    </ClInclude>
    <ClInclude Include="include\Hash.h">
      <Filter>include</Filter>
    </ClInclude>
    <ClInclude Include="include\Math\Common.h">
      <Filter>include</Filter>
    </ClInclude>
    <ClInclude Include="include\PipelineState.h">
      <Filter>include</Filter>
    </ClInclude>
    <ClInclude Include="include\d3dApp.h">
      <Filter>include</Filter>
    </ClInclude>
    <ClInclude Include="include\DescriptorHeap.h">
      <Filter>include</Filter>
    </ClInclude>
    <ClInclude Include="include\GpuResource.h">
      <Filter>include</Filter>
    </ClInclude>
    <ClInclude Include="include\CommandContext.h">
      <Filter>include</Filter>
    </ClInclude>
    <ClInclude Include="include\Renderer.h" />
    <ClInclude Include="include\TextureManager.h" />
    <ClInclude Include="include\GraphicsCommon.h" />
    <ClInclude Include="include\LinearAllocator.h" />
    <ClInclude Include="include\PixelBuffer.h" />
    <ClInclude Include="include\ColorBuffer.h" />
    <ClInclude Include="include\Color.h" />
    <ClInclude Include="include\DepthBuffer.h" />
    <ClInclude Include="include\ShadowBuffer.h" />
  </ItemGroup>
  <ItemGroup>
    <ClCompile Include="Vendor\stb_image\stb_image\stb_image.cpp">
      <Filter>Vendor\stb_image\stb_image</Filter>
    </ClCompile>
    <ClCompile Include="src\Camera.cpp">
      <Filter>src</Filter>
    </ClCompile>
    <ClCompile Include="src\GameTimer.cpp">
      <Filter>src</Filter>
    </ClCompile>
    <ClCompile Include="src\MathHelper.cpp">
      <Filter>src</Filter>
    </ClCompile>
    <ClCompile Include="src\Ssao.cpp">
      <Filter>src</Filter>
    </ClCompile>
    <ClCompile Include="src\d3dUtil.cpp">
      <Filter>src</Filter>
    </ClCompile>
    <ClCompile Include="src\pch.cpp">
      <Filter>src</Filter>
    </ClCompile>
    <ClCompile Include="src\Model.cpp">
      <Filter>src</Filter>
    </ClCompile>
    <ClCompile Include="src\GameCore.cpp">
      <Filter>src</Filter>
    </ClCompile>
    <ClCompile Include="Vendor\tinyobjloader\tiny_obj_loader.cc">
      <Filter>Vendor\TinyObjLoader</Filter>
    </ClCompile>
    <ClCompile Include="src\CommandAllocatorPool.cpp">
      <Filter>src</Filter>
    </ClCompile>
    <ClCompile Include="src\CommandListManager.cpp">
      <Filter>src</Filter>
    </ClCompile>
    <ClCompile Include="src\GraphicsCore.cpp">
      <Filter>src</Filter>
    </ClCompile>
    <ClCompile Include="src\Display.cpp">
      <Filter>src</Filter>
    </ClCompile>
    <ClCompile Include="src\BufferManager.cpp">
      <Filter>src</Filter>
    </ClCompile>
    <ClCompile Include="src\RootSignature.cpp">
      <Filter>src</Filter>
    </ClCompile>
    <ClCompile Include="src\PipelineState.cpp">
      <Filter>src</Filter>
    </ClCompile>
    <ClCompile Include="src\DescriptorHeap.cpp">
      <Filter>src</Filter>
    </ClCompile>
    <ClCompile Include="src\Texture.cpp">
      <Filter>src</Filter>
    </ClCompile>
    <ClCompile Include="src\CommandContex.cpp">
      <Filter>src</Filter>
    </ClCompile>
    <ClCompile Include="src\Renderer.cpp" />
    <ClCompile Include="src\TextureManager.cpp" />
    <ClCompile Include="src\GraphicsCommon.cpp" />
    <ClCompile Include="src\LinearAllocator.cpp" />
    <ClCompile Include="src\PixelBuffer.cpp" />
    <ClCompile Include="src\ColorBuffer.cpp" />
    <ClCompile Include="src\DepthBuffer.cpp" />
  </ItemGroup>
  <ItemGroup>
    <FxCompile Include="Assets\Shaders\DrawNormalsPS.hlsl">
      <Filter>Assets\Shaders</Filter>
    </FxCompile>
    <FxCompile Include="Assets\Shaders\DrawNormalsVS.hlsl">
      <Filter>Assets\Shaders</Filter>
    </FxCompile>
    <FxCompile Include="Assets\Shaders\EquirectToCubeCS.hlsl">
      <Filter>Assets\Shaders</Filter>
    </FxCompile>
    <FxCompile Include="Assets\Shaders\IrradianceMapCS.hlsl">
      <Filter>Assets\Shaders</Filter>
    </FxCompile>
    <FxCompile Include="Assets\Shaders\ShadowPS.hlsl">
      <Filter>Assets\Shaders</Filter>
    </FxCompile>
    <FxCompile Include="Assets\Shaders\ShadowVS.hlsl">
      <Filter>Assets\Shaders</Filter>
    </FxCompile>
    <FxCompile Include="Assets\Shaders\SkyBoxPS.hlsl">
      <Filter>Assets\Shaders</Filter>
    </FxCompile>
    <FxCompile Include="Assets\Shaders\SkyBoxVS.hlsl">
      <Filter>Assets\Shaders</Filter>
    </FxCompile>
    <FxCompile Include="Assets\Shaders\SpecularBRDFCS.hlsl">
      <Filter>Assets\Shaders</Filter>
    </FxCompile>
    <FxCompile Include="Assets\Shaders\SpecularMapCS.hlsl">
      <Filter>Assets\Shaders</Filter>
    </FxCompile>
    <FxCompile Include="Assets\Shaders\SsaoPS.hlsl">
      <Filter>Assets\Shaders</Filter>
    </FxCompile>
    <FxCompile Include="Assets\Shaders\SsaoVS.hlsl">
      <Filter>Assets\Shaders</Filter>
    </FxCompile>
    <FxCompile Include="Assets\Shaders\PBRShadingPS.hlsl">
      <Filter>Assets\Shaders</Filter>
    </FxCompile>
    <FxCompile Include="Assets\Shaders\PBRShadingVS.hlsl">
      <Filter>Assets\Shaders</Filter>
    </FxCompile>
    <FxCompile Include="Assets\Shaders\BloomPS.hlsl">
      <Filter>Assets\Shaders</Filter>
    </FxCompile>
    <FxCompile Include="Assets\Shaders\BloomVS.hlsl">
      <Filter>Assets\Shaders</Filter>
    </FxCompile>
    <FxCompile Include="Assets\Shaders\PostProcessPS.hlsl">
      <Filter>Assets\Shaders</Filter>
    </FxCompile>
    <FxCompile Include="Assets\Shaders\PostProcessVS.hlsl">
      <Filter>Assets\Shaders</Filter>
    </FxCompile>
    <FxCompile Include="Assets\Shaders\LambertModelVS.hlsl">
      <Filter>Assets\Shaders\ShadingModel</Filter>
    </FxCompile>
    <FxCompile Include="Assets\Shaders\LambertModelPS.hlsl">
      <Filter>Assets\Shaders\ShadingModel</Filter>
    </FxCompile>
    <FxCompile Include="Assets\Shaders\SsaoBlurCS.hlsl">
      <Filter>Assets\Shaders</Filter>
    </FxCompile>
    <FxCompile Include="Assets\Shaders\GenerateMipMapCS.hlsl">
      <Filter>Assets\Shaders</Filter>
    </FxCompile>
    <FxCompile Include="Assets\Shaders\Emu.hlsl" />
    <FxCompile Include="Assets\Shaders\Eavg.hlsl" />
  </ItemGroup>
  <ItemGroup>
    <None Include="Assets\Shaders\Common.hlsli">
      <Filter>Assets\Shaders</Filter>
    </None>
    <None Include="Assets\Shaders\PBRCommon.hlsli">
      <Filter>Assets\Shaders</Filter>
    </None>
  </ItemGroup>
</Project>